PODS:
  - ActionSheetPicker-3.0 (2.3.0)
  - Alamofire (4.6.0)
  - Realm (3.0.2):
    - Realm/Headers (= 3.0.2)
  - Realm/Headers (3.0.2)
  - RealmSwift (3.0.2):
    - Realm (= 3.0.2)
  - SnapKit (4.0.0)
  - SwiftMoment (0.7)

DEPENDENCIES:
  - ActionSheetPicker-3.0
  - Alamofire (from `https://github.com/Alamofire/Alamofire.git`, branch `master`)
  - RealmSwift
  - SnapKit
  - SwiftMoment (from `https://github.com/akosma/SwiftMoment.git`, branch `master`)

EXTERNAL SOURCES:
  Alamofire:
    :branch: master
    :git: https://github.com/Alamofire/Alamofire.git
    :submodules: true
  SwiftMoment:
    :branch: master
    :git: https://github.com/akosma/SwiftMoment.git
    :submodules: true

CHECKOUT OPTIONS:
  Alamofire:
    :commit: 098a42007eda5d417a41db44fac14abffa55b234
    :git: https://github.com/Alamofire/Alamofire.git
    :submodules: true
  SwiftMoment:
    :commit: fe37d80ad8cfda2de44356166b39b9e91633cf7b
    :git: https://github.com/akosma/SwiftMoment.git
    :submodules: true

SPEC CHECKSUMS:
  ActionSheetPicker-3.0: eef157d75e151f255c5333d26656c7fbfe905a51
  Alamofire: 0dda98a0ed7eec4bdcd5fe3cdd35fcd2b3022825
  Realm: 6f23fd1f178a09342eac21bfa7c2bf4312a7a180
  RealmSwift: 695393add1b8f9d5fa75dd16e6355cf3935f71e2
  SnapKit: a42d492c16e80209130a3379f73596c3454b7694
  SwiftMoment: dc6dd27012e267819104cbb03f74ff9192dd0b42

PODFILE CHECKSUM: 8b4337b1239917df9013b956ae2f7fe0197be719

COCOAPODS: 1.1.1
